
Microsoft Visual Studio Solution File, Format Version 12.00
# Visual Studio 14
VisualStudioVersion = 14.0.25420.1
MinimumVisualStudioVersion = 10.0.40219.1
Project("{FAE04EC0-301F-11D3-BF4B-00C04F79EFBC}") = "DZ2", "DZ2\DZ2.csproj", "{5B720D4B-9255-4CE5-B2A3-68BCD8BA3461}"
EndProject
Global
	GlobalSection(SolutionConfigurationPlatforms) = preSolution
		Debug|Any CPU = Debug|Any CPU
		Release|Any CPU = Release|Any CPU
	EndGlobalSection
	GlobalSection(ProjectConfigurationPlatforms) = postSolution
		{5B720D4B-9255-4CE5-B2A3-68BCD8BA3461}.Debug|Any CPU.ActiveCfg = Debug|Any CPU
		{5B720D4B-9255-4CE5-B2A3-68BCD8BA3461}.Debug|Any CPU.Build.0 = Debug|Any CPU
		{5B720D4B-9255-4CE5-B2A3-68BCD8BA3461}.Release|Any CPU.ActiveCfg = Release|Any CPU
		{5B720D4B-9255-4CE5-B2A3-68BCD8BA3461}.Release|Any CPU.Build.0 = Release|Any CPU
	EndGlobalSection
	GlobalSection(SolutionProperties) = preSolution
		HideSolutionNode = FALSE
	EndGlobalSection
EndGlobal
